
Microsoft Visual Studio Solution File, Format Version 12.00
# Visual Studio Version 17
VisualStudioVersion = 17.8.34330.188
MinimumVisualStudioVersion = 10.0.40219.1
Project("{9A19103F-16F7-4668-BE54-9A1E7A4F7556}") = "LitZhu.WebApi", "LitZhu.WebApi\LitZhu.WebApi.csproj", "{2F9B0A5E-63D9-4E00-AC77-827FABD4BABC}"
EndProject
Project("{9A19103F-16F7-4668-BE54-9A1E7A4F7556}") = "Article.Domain", "Article.Domain\Article.Domain.csproj", "{CAF8ED0C-A881-4CC5-B4DC-7E390E6C2C77}"
EndProject
Project("{9A19103F-16F7-4668-BE54-9A1E7A4F7556}") = "Search.Domain", "Search.Domain\Search.Domain.csproj", "{5B4B247A-308D-45AC-A052-B506C60F3091}"
EndProject
Project("{FAE04EC0-301F-11D3-BF4B-00C04F79EFBC}") = "Article.Infrastructure", "Article.Infrastructure\Article.Infrastructure.csproj", "{E8146629-C44B-456F-A242-D59FD19F278E}"
EndProject
Project("{2150E333-8FDC-42A3-9474-1A3956D46DE8}") = "Article", "Article", "{AD98F127-6204-4D60-A717-54F00A8F262E}"
EndProject
Project("{2150E333-8FDC-42A3-9474-1A3956D46DE8}") = "Search", "Search", "{FA5A2A2C-3A29-4994-9CFB-6C36C6F83B5B}"
EndProject
Project("{2150E333-8FDC-42A3-9474-1A3956D46DE8}") = "Commons", "Commons", "{36B80125-1A03-407C-872C-C6842708EF60}"
EndProject
Project("{2150E333-8FDC-42A3-9474-1A3956D46DE8}") = "Comment", "Comment", "{78957FA3-B8D2-41DB-96CB-49DB098EC3C1}"
EndProject
Project("{FAE04EC0-301F-11D3-BF4B-00C04F79EFBC}") = "Comment.Domain", "Comment.Domain\Comment.Domain.csproj", "{E186C45F-C60A-4F8F-B149-48A594790169}"
EndProject
Project("{FAE04EC0-301F-11D3-BF4B-00C04F79EFBC}") = "Comment.Infrastructure", "Comment.Infrastructure\Comment.Infrastructure.csproj", "{841A029C-C9D6-45DA-AB5C-448738A83792}"
EndProject
Project("{FAE04EC0-301F-11D3-BF4B-00C04F79EFBC}") = "LitZhu.Infrastructure", "Commons\LitZhu.Infrastructure\LitZhu.Infrastructure.csproj", "{491E232C-4B6E-4DD3-947A-557A96BE0688}"
EndProject
Project("{FAE04EC0-301F-11D3-BF4B-00C04F79EFBC}") = "LitZhu.DomainCommons", "Commons\LitZhu.DomainCommons\LitZhu.DomainCommons.csproj", "{7DEBACF6-7C53-4C46-B5EB-C729C5986AA9}"
EndProject
Global
	GlobalSection(SolutionConfigurationPlatforms) = preSolution
		Debug|Any CPU = Debug|Any CPU
		Release|Any CPU = Release|Any CPU
	EndGlobalSection
	GlobalSection(ProjectConfigurationPlatforms) = postSolution
		{2F9B0A5E-63D9-4E00-AC77-827FABD4BABC}.Debug|Any CPU.ActiveCfg = Debug|Any CPU
		{2F9B0A5E-63D9-4E00-AC77-827FABD4BABC}.Debug|Any CPU.Build.0 = Debug|Any CPU
		{2F9B0A5E-63D9-4E00-AC77-827FABD4BABC}.Release|Any CPU.ActiveCfg = Release|Any CPU
		{2F9B0A5E-63D9-4E00-AC77-827FABD4BABC}.Release|Any CPU.Build.0 = Release|Any CPU
		{CAF8ED0C-A881-4CC5-B4DC-7E390E6C2C77}.Debug|Any CPU.ActiveCfg = Debug|Any CPU
		{CAF8ED0C-A881-4CC5-B4DC-7E390E6C2C77}.Debug|Any CPU.Build.0 = Debug|Any CPU
		{CAF8ED0C-A881-4CC5-B4DC-7E390E6C2C77}.Release|Any CPU.ActiveCfg = Release|Any CPU
		{CAF8ED0C-A881-4CC5-B4DC-7E390E6C2C77}.Release|Any CPU.Build.0 = Release|Any CPU
		{5B4B247A-308D-45AC-A052-B506C60F3091}.Debug|Any CPU.ActiveCfg = Debug|Any CPU
		{5B4B247A-308D-45AC-A052-B506C60F3091}.Debug|Any CPU.Build.0 = Debug|Any CPU
		{5B4B247A-308D-45AC-A052-B506C60F3091}.Release|Any CPU.ActiveCfg = Release|Any CPU
		{5B4B247A-308D-45AC-A052-B506C60F3091}.Release|Any CPU.Build.0 = Release|Any CPU
		{E8146629-C44B-456F-A242-D59FD19F278E}.Debug|Any CPU.ActiveCfg = Debug|Any CPU
		{E8146629-C44B-456F-A242-D59FD19F278E}.Debug|Any CPU.Build.0 = Debug|Any CPU
		{E8146629-C44B-456F-A242-D59FD19F278E}.Release|Any CPU.ActiveCfg = Release|Any CPU
		{E8146629-C44B-456F-A242-D59FD19F278E}.Release|Any CPU.Build.0 = Release|Any CPU
		{E186C45F-C60A-4F8F-B149-48A594790169}.Debug|Any CPU.ActiveCfg = Debug|Any CPU
		{E186C45F-C60A-4F8F-B149-48A594790169}.Debug|Any CPU.Build.0 = Debug|Any CPU
		{E186C45F-C60A-4F8F-B149-48A594790169}.Release|Any CPU.ActiveCfg = Release|Any CPU
		{E186C45F-C60A-4F8F-B149-48A594790169}.Release|Any CPU.Build.0 = Release|Any CPU
		{841A029C-C9D6-45DA-AB5C-448738A83792}.Debug|Any CPU.ActiveCfg = Debug|Any CPU
		{841A029C-C9D6-45DA-AB5C-448738A83792}.Debug|Any CPU.Build.0 = Debug|Any CPU
		{841A029C-C9D6-45DA-AB5C-448738A83792}.Release|Any CPU.ActiveCfg = Release|Any CPU
		{841A029C-C9D6-45DA-AB5C-448738A83792}.Release|Any CPU.Build.0 = Release|Any CPU
		{491E232C-4B6E-4DD3-947A-557A96BE0688}.Debug|Any CPU.ActiveCfg = Debug|Any CPU
		{491E232C-4B6E-4DD3-947A-557A96BE0688}.Debug|Any CPU.Build.0 = Debug|Any CPU
		{491E232C-4B6E-4DD3-947A-557A96BE0688}.Release|Any CPU.ActiveCfg = Release|Any CPU
		{491E232C-4B6E-4DD3-947A-557A96BE0688}.Release|Any CPU.Build.0 = Release|Any CPU
		{7DEBACF6-7C53-4C46-B5EB-C729C5986AA9}.Debug|Any CPU.ActiveCfg = Debug|Any CPU
		{7DEBACF6-7C53-4C46-B5EB-C729C5986AA9}.Debug|Any CPU.Build.0 = Debug|Any CPU
		{7DEBACF6-7C53-4C46-B5EB-C729C5986AA9}.Release|Any CPU.ActiveCfg = Release|Any CPU
		{7DEBACF6-7C53-4C46-B5EB-C729C5986AA9}.Release|Any CPU.Build.0 = Release|Any CPU
	EndGlobalSection
	GlobalSection(SolutionProperties) = preSolution
		HideSolutionNode = FALSE
	EndGlobalSection
	GlobalSection(NestedProjects) = preSolution
		{CAF8ED0C-A881-4CC5-B4DC-7E390E6C2C77} = {AD98F127-6204-4D60-A717-54F00A8F262E}
		{5B4B247A-308D-45AC-A052-B506C60F3091} = {FA5A2A2C-3A29-4994-9CFB-6C36C6F83B5B}
		{E8146629-C44B-456F-A242-D59FD19F278E} = {AD98F127-6204-4D60-A717-54F00A8F262E}
		{E186C45F-C60A-4F8F-B149-48A594790169} = {78957FA3-B8D2-41DB-96CB-49DB098EC3C1}
		{841A029C-C9D6-45DA-AB5C-448738A83792} = {78957FA3-B8D2-41DB-96CB-49DB098EC3C1}
		{491E232C-4B6E-4DD3-947A-557A96BE0688} = {36B80125-1A03-407C-872C-C6842708EF60}
		{7DEBACF6-7C53-4C46-B5EB-C729C5986AA9} = {36B80125-1A03-407C-872C-C6842708EF60}
	EndGlobalSection
	GlobalSection(ExtensibilityGlobals) = postSolution
		SolutionGuid = {3E316340-828C-4D79-B729-71C2BF0BEB08}
	EndGlobalSection
EndGlobal
